
Microsoft Visual Studio Solution File, Format Version 12.00
# Visual Studio Version 17
VisualStudioVersion = 17.8.34309.116
MinimumVisualStudioVersion = 10.0.40219.1
Project("{9A19103F-16F7-4668-BE54-9A1E7A4F7556}") = "BlazorTestApp", "BlazorTestApp\BlazorTestApp.csproj", "{4FF3997F-0D08-4D1B-9253-194698CC3108}"
EndProject
Project("{FAE04EC0-301F-11D3-BF4B-00C04F79EFBC}") = "MyLibrary", "MyLibrary\MyLibrary.csproj", "{F2D7B61F-E494-4251-9757-194BC5AB9E80}"
EndProject
Global
	GlobalSection(SolutionConfigurationPlatforms) = preSolution
		Debug|Any CPU = Debug|Any CPU
		Release|Any CPU = Release|Any CPU
	EndGlobalSection
	GlobalSection(ProjectConfigurationPlatforms) = postSolution
		{4FF3997F-0D08-4D1B-9253-194698CC3108}.Debug|Any CPU.ActiveCfg = Debug|Any CPU
		{4FF3997F-0D08-4D1B-9253-194698CC3108}.Debug|Any CPU.Build.0 = Debug|Any CPU
		{4FF3997F-0D08-4D1B-9253-194698CC3108}.Release|Any CPU.ActiveCfg = Release|Any CPU
		{4FF3997F-0D08-4D1B-9253-194698CC3108}.Release|Any CPU.Build.0 = Release|Any CPU
		{F2D7B61F-E494-4251-9757-194BC5AB9E80}.Debug|Any CPU.ActiveCfg = Debug|Any CPU
		{F2D7B61F-E494-4251-9757-194BC5AB9E80}.Debug|Any CPU.Build.0 = Debug|Any CPU
		{F2D7B61F-E494-4251-9757-194BC5AB9E80}.Release|Any CPU.ActiveCfg = Release|Any CPU
		{F2D7B61F-E494-4251-9757-194BC5AB9E80}.Release|Any CPU.Build.0 = Release|Any CPU
	EndGlobalSection
	GlobalSection(SolutionProperties) = preSolution
		HideSolutionNode = FALSE
	EndGlobalSection
	GlobalSection(ExtensibilityGlobals) = postSolution
		SolutionGuid = {1F69C9B2-5152-4B2F-A07A-94C958384504}
	EndGlobalSection
EndGlobal
